// !$*UTF8*$!
{
	archiveVersion = 1;
	classes = {
	};
	objectVersion = 46;
	objects = {

/* Begin PBXBuildFile section */
		E7FF5E7F2088DCF3000F171D /* AppDelegate.swift in Sources */ = {isa = PBXBuildFile; fileRef = E7FF5E7E2088DCF3000F171D /* AppDelegate.swift */; };
		E7FF5E812088DCF3000F171D /* ViewController.swift in Sources */ = {isa = PBXBuildFile; fileRef = E7FF5E802088DCF3000F171D /* ViewController.swift */; };
		E7FF5E842088DCF3000F171D /* Main.storyboard in Resources */ = {isa = PBXBuildFile; fileRef = E7FF5E822088DCF3000F171D /* Main.storyboard */; };
		E7FF5E862088DCF3000F171D /* Assets.xcassets in Resources */ = {isa = PBXBuildFile; fileRef = E7FF5E852088DCF3000F171D /* Assets.xcassets */; };
		E7FF5E892088DCF3000F171D /* LaunchScreen.storyboard in Resources */ = {isa = PBXBuildFile; fileRef = E7FF5E872088DCF3000F171D /* LaunchScreen.storyboard */; };
		E7FF5E942088DCF3000F171D /* MayTinh_2Tests.swift in Sources */ = {isa = PBXBuildFile; fileRef = E7FF5E932088DCF3000F171D /* MayTinh_2Tests.swift */; };
		E7FF5E9F2088DCF3000F171D /* MayTinh_2UITests.swift in Sources */ = {isa = PBXBuildFile; fileRef = E7FF5E9E2088DCF3000F171D /* MayTinh_2UITests.swift */; };
		E7FF5EAD2088DD3F000F171D /* RoundButton.swift in Sources */ = {isa = PBXBuildFile; fileRef = E7FF5EAC2088DD3F000F171D /* RoundButton.swift */; };
/* End PBXBuildFile section */

/* Begin PBXContainerItemProxy section */
		E7FF5E902088DCF3000F171D /* PBXContainerItemProxy */ = {
			isa = PBXContainerItemProxy;
			containerPortal = E7FF5E732088DCF3000F171D /* Project object */;
			proxyType = 1;
			remoteGlobalIDString = E7FF5E7A2088DCF3000F171D;
			remoteInfo = MayTinh_2;
		};
		E7FF5E9B2088DCF3000F171D /* PBXContainerItemProxy */ = {
			isa = PBXContainerItemProxy;
			containerPortal = E7FF5E732088DCF3000F171D /* Project object */;
			proxyType = 1;
			remoteGlobalIDString = E7FF5E7A2088DCF3000F171D;
			remoteInfo = MayTinh_2;
		};
/* End PBXContainerItemProxy section */

/* Begin PBXFileReference section */
		E7FF5E7B2088DCF3000F171D /* MayTinh_2.app */ = {isa = PBXFileReference; explicitFileType = wrapper.application; includeInIndex = 0; path = MayTinh_2.app; sourceTree = BUILT_PRODUCTS_DIR; };
		E7FF5E7E2088DCF3000F171D /* AppDelegate.swift */ = {isa = PBXFileReference; lastKnownFileType = sourcecode.swift; path = AppDelegate.swift; sourceTree = "<group>"; };
		E7FF5E802088DCF3000F171D /* ViewController.swift */ = {isa = PBXFileReference; lastKnownFileType = sourcecode.swift; path = ViewController.swift; sourceTree = "<group>"; };
		E7FF5E832088DCF3000F171D /* Base */ = {isa = PBXFileReference; lastKnownFileType = file.storyboard; name = Base; path = Base.lproj/Main.storyboard; sourceTree = "<group>"; };
		E7FF5E852088DCF3000F171D /* Assets.xcassets */ = {isa = PBXFileReference; lastKnownFileType = folder.assetcatalog; path = Assets.xcassets; sourceTree = "<group>"; };
		E7FF5E882088DCF3000F171D /* Base */ = {isa = PBXFileReference; lastKnownFileType = file.storyboard; name = Base; path = Base.lproj/LaunchScreen.storyboard; sourceTree = "<group>"; };
		E7FF5E8A2088DCF3000F171D /* Info.plist */ = {isa = PBXFileReference; lastKnownFileType = text.plist.xml; path = Info.plist; sourceTree = "<group>"; };
		E7FF5E8F2088DCF3000F171D /* MayTinh_2Tests.xctest */ = {isa = PBXFileReference; explicitFileType = wrapper.cfbundle; includeInIndex = 0; path = MayTinh_2Tests.xctest; sourceTree = BUILT_PRODUCTS_DIR; };
		E7FF5E932088DCF3000F171D /* MayTinh_2Tests.swift */ = {isa = PBXFileReference; lastKnownFileType = sourcecode.swift; path = MayTinh_2Tests.swift; sourceTree = "<group>"; };
		E7FF5E952088DCF3000F171D /* Info.plist */ = {isa = PBXFileReference; lastKnownFileType = text.plist.xml; path = Info.plist; sourceTree = "<group>"; };
		E7FF5E9A2088DCF3000F171D /* MayTinh_2UITests.xctest */ = {isa = PBXFileReference; explicitFileType = wrapper.cfbundle; includeInIndex = 0; path = MayTinh_2UITests.xctest; sourceTree = BUILT_PRODUCTS_DIR; };
		E7FF5E9E2088DCF3000F171D /* MayTinh_2UITests.swift */ = {isa = PBXFileReference; lastKnownFileType = sourcecode.swift; path = MayTinh_2UITests.swift; sourceTree = "<group>"; };
		E7FF5EA02088DCF3000F171D /* Info.plist */ = {isa = PBXFileReference; lastKnownFileType = text.plist.xml; path = Info.plist; sourceTree = "<group>"; };
		E7FF5EAC2088DD3F000F171D /* RoundButton.swift */ = {isa = PBXFileReference; fileEncoding = 4; lastKnownFileType = sourcecode.swift; name = RoundButton.swift; path = ../../MayTinh_1/MayTinh_1/RoundButton.swift; sourceTree = "<group>"; };
/* End PBXFileReference section */

/* Begin PBXFrameworksBuildPhase section */
		E7FF5E782088DCF3000F171D /* Frameworks */ = {
			isa = PBXFrameworksBuildPhase;
			buildActionMask = 2147483647;
			files = (
			);
			runOnlyForDeploymentPostprocessing = 0;
		};
		E7FF5E8C2088DCF3000F171D /* Frameworks */ = {
			isa = PBXFrameworksBuildPhase;
			buildActionMask = 2147483647;
			files = (
			);
			runOnlyForDeploymentPostprocessing = 0;
		};
		E7FF5E972088DCF3000F171D /* Frameworks */ = {
			isa = PBXFrameworksBuildPhase;
			buildActionMask = 2147483647;
			files = (
			);
			runOnlyForDeploymentPostprocessing = 0;
		};
/* End PBXFrameworksBuildPhase section */

/* Begin PBXGroup section */
		E7FF5E722088DCF3000F171D = {
			isa = PBXGroup;
			children = (
				E7FF5E7D2088DCF3000F171D /* MayTinh_2 */,
				E7FF5E922088DCF3000F171D /* MayTinh_2Tests */,
				E7FF5E9D2088DCF3000F171D /* MayTinh_2UITests */,
				E7FF5E7C2088DCF3000F171D /* Products */,
			);
			sourceTree = "<group>";
		};
		E7FF5E7C2088DCF3000F171D /* Products */ = {
			isa = PBXGroup;
			children = (
				E7FF5E7B2088DCF3000F171D /* MayTinh_2.app */,
				E7FF5E8F2088DCF3000F171D /* MayTinh_2Tests.xctest */,
				E7FF5E9A2088DCF3000F171D /* MayTinh_2UITests.xctest */,
			);
			name = Products;
			sourceTree = "<group>";
		};
		E7FF5E7D2088DCF3000F171D /* MayTinh_2 */ = {
			isa = PBXGroup;
			children = (
				E7FF5E7E2088DCF3000F171D /* AppDelegate.swift */,
				E7FF5E802088DCF3000F171D /* ViewController.swift */,
				E7FF5E822088DCF3000F171D /* Main.storyboard */,
				E7FF5E852088DCF3000F171D /* Assets.xcassets */,
				E7FF5E872088DCF3000F171D /* LaunchScreen.storyboard */,
				E7FF5E8A2088DCF3000F171D /* Info.plist */,
				E7FF5EAC2088DD3F000F171D /* RoundButton.swift */,
			);
			path = MayTinh_2;
			sourceTree = "<group>";
		};
		E7FF5E922088DCF3000F171D /* MayTinh_2Tests */ = {
			isa = PBXGroup;
			children = (
				E7FF5E932088DCF3000F171D /* MayTinh_2Tests.swift */,
				E7FF5E952088DCF3000F171D /* Info.plist */,
			);
			path = MayTinh_2Tests;
			sourceTree = "<group>";
		};
		E7FF5E9D2088DCF3000F171D /* MayTinh_2UITests */ = {
			isa = PBXGroup;
			children = (
				E7FF5E9E2088DCF3000F171D /* MayTinh_2UITests.swift */,
				E7FF5EA02088DCF3000F171D /* Info.plist */,
			);
			path = MayTinh_2UITests;
			sourceTree = "<group>";
		};
/* End PBXGroup section */

/* Begin PBXNativeTarget section */
		E7FF5E7A2088DCF3000F171D /* MayTinh_2 */ = {
			isa = PBXNativeTarget;
			buildConfigurationList = E7FF5EA32088DCF3000F171D /* Build configuration list for PBXNativeTarget "MayTinh_2" */;
			buildPhases = (
				E7FF5E772088DCF3000F171D /* Sources */,
				E7FF5E782088DCF3000F171D /* Frameworks */,
				E7FF5E792088DCF3000F171D /* Resources */,
			);
			buildRules = (
			);
			dependencies = (
			);
			name = MayTinh_2;
			productName = MayTinh_2;
			productReference = E7FF5E7B2088DCF3000F171D /* MayTinh_2.app */;
			productType = "com.apple.product-type.application";
		};
		E7FF5E8E2088DCF3000F171D /* MayTinh_2Tests */ = {
			isa = PBXNativeTarget;
			buildConfigurationList = E7FF5EA62088DCF3000F171D /* Build configuration list for PBXNativeTarget "MayTinh_2Tests" */;
			buildPhases = (
				E7FF5E8B2088DCF3000F171D /* Sources */,
				E7FF5E8C2088DCF3000F171D /* Frameworks */,
				E7FF5E8D2088DCF3000F171D /* Resources */,
			);
			buildRules = (
			);
			dependencies = (
				E7FF5E912088DCF3000F171D /* PBXTargetDependency */,
			);
			name = MayTinh_2Tests;
			productName = MayTinh_2Tests;
			productReference = E7FF5E8F2088DCF3000F171D /* MayTinh_2Tests.xctest */;
			productType = "com.apple.product-type.bundle.unit-test";
		};
		E7FF5E992088DCF3000F171D /* MayTinh_2UITests */ = {
			isa = PBXNativeTarget;
			buildConfigurationList = E7FF5EA92088DCF3000F171D /* Build configuration list for PBXNativeTarget "MayTinh_2UITests" */;
			buildPhases = (
				E7FF5E962088DCF3000F171D /* Sources */,
				E7FF5E972088DCF3000F171D /* Frameworks */,
				E7FF5E982088DCF3000F171D /* Resources */,
			);
			buildRules = (
			);
			dependencies = (
				E7FF5E9C2088DCF3000F171D /* PBXTargetDependency */,
			);
			name = MayTinh_2UITests;
			productName = MayTinh_2UITests;
			productReference = E7FF5E9A2088DCF3000F171D /* MayTinh_2UITests.xctest */;
			productType = "com.apple.product-type.bundle.ui-testing";
		};
/* End PBXNativeTarget section */

/* Begin PBXProject section */
		E7FF5E732088DCF3000F171D /* Project object */ = {
			isa = PBXProject;
			attributes = {
				LastSwiftUpdateCheck = 0830;
				LastUpgradeCheck = 0830;
				ORGANIZATIONNAME = "Tran Nhat Tuan";
				TargetAttributes = {
					E7FF5E7A2088DCF3000F171D = {
						CreatedOnToolsVersion = 8.3.3;
						ProvisioningStyle = Automatic;
					};
					E7FF5E8E2088DCF3000F171D = {
						CreatedOnToolsVersion = 8.3.3;
						ProvisioningStyle = Automatic;
						TestTargetID = E7FF5E7A2088DCF3000F171D;
					};
					E7FF5E992088DCF3000F171D = {
						CreatedOnToolsVersion = 8.3.3;
						ProvisioningStyle = Automatic;
						TestTargetID = E7FF5E7A2088DCF3000F171D;
					};
				};
			};
			buildConfigurationList = E7FF5E762088DCF3000F171D /* Build configuration list for PBXProject "MayTinh_2" */;
			compatibilityVersion = "Xcode 3.2";
			developmentRegion = English;
			hasScannedForEncodings = 0;
			knownRegions = (
				en,
				Base,
			);
			mainGroup = E7FF5E722088DCF3000F171D;
			productRefGroup = E7FF5E7C2088DCF3000F171D /* Products */;
			projectDirPath = "";
			projectRoot = "";
			targets = (
				E7FF5E7A2088DCF3000F171D /* MayTinh_2 */,
				E7FF5E8E2088DCF3000F171D /* MayTinh_2Tests */,
				E7FF5E992088DCF3000F171D /* MayTinh_2UITests */,
			);
		};
/* End PBXProject section */

/* Begin PBXResourcesBuildPhase section */
		E7FF5E792088DCF3000F171D /* Resources */ = {
			isa = PBXResourcesBuildPhase;
			buildActionMask = 2147483647;
			files = (
				E7FF5E892088DCF3000F171D /* LaunchScreen.storyboard in Resources */,
				E7FF5E862088DCF3000F171D /* Assets.xcassets in Resources */,
				E7FF5E842088DCF3000F171D /* Main.storyboard in Resources */,
			);
			runOnlyForDeploymentPostprocessing = 0;
		};
		E7FF5E8D2088DCF3000F171D /* Resources */ = {
			isa = PBXResourcesBuildPhase;
			buildActionMask = 2147483647;
			files = (
			);
			runOnlyForDeploymentPostprocessing = 0;
		};
		E7FF5E982088DCF3000F171D /* Resources */ = {
			isa = PBXResourcesBuildPhase;
			buildActionMask = 2147483647;
			files = (
			);
			runOnlyForDeploymentPostprocessing = 0;
		};
/* End PBXResourcesBuildPhase section */

/* Begin PBXSourcesBuildPhase section */
		E7FF5E772088DCF3000F171D /* Sources */ = {
			isa = PBXSourcesBuildPhase;
			buildActionMask = 2147483647;
			files = (
				E7FF5EAD2088DD3F000F171D /* RoundButton.swift in Sources */,
				E7FF5E812088DCF3000F171D /* ViewController.swift in Sources */,
				E7FF5E7F2088DCF3000F171D /* AppDelegate.swift in Sources */,
			);
			runOnlyForDeploymentPostprocessing = 0;
		};
		E7FF5E8B2088DCF3000F171D /* Sources */ = {
			isa = PBXSourcesBuildPhase;
			buildActionMask = 2147483647;
			files = (
				E7FF5E942088DCF3000F171D /* MayTinh_2Tests.swift in Sources */,
			);
			runOnlyForDeploymentPostprocessing = 0;
		};
		E7FF5E962088DCF3000F171D /* Sources */ = {
			isa = PBXSourcesBuildPhase;
			buildActionMask = 2147483647;
			files = (
				E7FF5E9F2088DCF3000F171D /* MayTinh_2UITests.swift in Sources */,
			);
			runOnlyForDeploymentPostprocessing = 0;
		};
/* End PBXSourcesBuildPhase section */

/* Begin PBXTargetDependency section */
		E7FF5E912088DCF3000F171D /* PBXTargetDependency */ = {
			isa = PBXTargetDependency;
			target = E7FF5E7A2088DCF3000F171D /* MayTinh_2 */;
			targetProxy = E7FF5E902088DCF3000F171D /* PBXContainerItemProxy */;
		};
		E7FF5E9C2088DCF3000F171D /* PBXTargetDependency */ = {
			isa = PBXTargetDependency;
			target = E7FF5E7A2088DCF3000F171D /* MayTinh_2 */;
			targetProxy = E7FF5E9B2088DCF3000F171D /* PBXContainerItemProxy */;
		};
/* End PBXTargetDependency section */

/* Begin PBXVariantGroup section */
		E7FF5E822088DCF3000F171D /* Main.storyboard */ = {
			isa = PBXVariantGroup;
			children = (
				E7FF5E832088DCF3000F171D /* Base */,
			);
			name = Main.storyboard;
			sourceTree = "<group>";
		};
		E7FF5E872088DCF3000F171D /* LaunchScreen.storyboard */ = {
			isa = PBXVariantGroup;
			children = (
				E7FF5E882088DCF3000F171D /* Base */,
			);
			name = LaunchScreen.storyboard;
			sourceTree = "<group>";
		};
/* End PBXVariantGroup section */

/* Begin XCBuildConfiguration section */
		E7FF5EA12088DCF3000F171D /* Debug */ = {
			isa = XCBuildConfiguration;
			buildSettings = {
				ALWAYS_SEARCH_USER_PATHS = NO;
				CLANG_ANALYZER_NONNULL = YES;
				CLANG_ANALYZER_NUMBER_OBJECT_CONVERSION = YES_AGGRESSIVE;
				CLANG_CXX_LANGUAGE_STANDARD = "gnu++0x";
				CLANG_CXX_LIBRARY = "libc++";
				CLANG_ENABLE_MODULES = YES;
				CLANG_ENABLE_OBJC_ARC = YES;
				CLANG_WARN_BOOL_CONVERSION = YES;
				CLANG_WARN_CONSTANT_CONVERSION = YES;
				CLANG_WARN_DIRECT_OBJC_ISA_USAGE = YES_ERROR;
				CLANG_WARN_DOCUMENTATION_COMMENTS = YES;
				CLANG_WARN_EMPTY_BODY = YES;
				CLANG_WARN_ENUM_CONVERSION = YES;
				CLANG_WARN_INFINITE_RECURSION = YES;
				CLANG_WARN_INT_CONVERSION = YES;
				CLANG_WARN_OBJC_ROOT_CLASS = YES_ERROR;
				CLANG_WARN_SUSPICIOUS_MOVE = YES;
				CLANG_WARN_UNREACHABLE_CODE = YES;
				CLANG_WARN__DUPLICATE_METHOD_MATCH = YES;
				"CODE_SIGN_IDENTITY[sdk=iphoneos*]" = "iPhone Developer";
				COPY_PHASE_STRIP = NO;
				DEBUG_INFORMATION_FORMAT = dwarf;
				ENABLE_STRICT_OBJC_MSGSEND = YES;
				ENABLE_TESTABILITY = YES;
				GCC_C_LANGUAGE_STANDARD = gnu99;
				GCC_DYNAMIC_NO_PIC = NO;
				GCC_NO_COMMON_BLOCKS = YES;
				GCC_OPTIMIZATION_LEVEL = 0;
				GCC_PREPROCESSOR_DEFINITIONS = (
					"DEBUG=1",
					"$(inherited)",
				);
				GCC_WARN_64_TO_32_BIT_CONVERSION = YES;
				GCC_WARN_ABOUT_RETURN_TYPE = YES_ERROR;
				GCC_WARN_UNDECLARED_SELECTOR = YES;
				GCC_WARN_UNINITIALIZED_AUTOS = YES_AGGRESSIVE;
				GCC_WARN_UNUSED_FUNCTION = YES;
				GCC_WARN_UNUSED_VARIABLE = YES;
				IPHONEOS_DEPLOYMENT_TARGET = 10.3;
				MTL_ENABLE_DEBUG_INFO = YES;
				ONLY_ACTIVE_ARCH = YES;
				SDKROOT = iphoneos;
				SWIFT_ACTIVE_COMPILATION_CONDITIONS = DEBUG;
				SWIFT_OPTIMIZATION_LEVEL = "-Onone";
			};
			name = Debug;
		};
		E7FF5EA22088DCF3000F171D /* Release */ = {
			isa = XCBuildConfiguration;
			buildSettings = {
				ALWAYS_SEARCH_USER_PATHS = NO;
				CLANG_ANALYZER_NONNULL = YES;
				CLANG_ANALYZER_NUMBER_OBJECT_CONVERSION = YES_AGGRESSIVE;
				CLANG_CXX_LANGUAGE_STANDARD = "gnu++0x";
				CLANG_CXX_LIBRARY = "libc++";
				CLANG_ENABLE_MODULES = YES;
				CLANG_ENABLE_OBJC_ARC = YES;
				CLANG_WARN_BOOL_CONVERSION = YES;
				CLANG_WARN_CONSTANT_CONVERSION = YES;
				CLANG_WARN_DIRECT_OBJC_ISA_USAGE = YES_ERROR;
				CLANG_WARN_DOCUMENTATION_COMMENTS = YES;
				CLANG_WARN_EMPTY_BODY = YES;
				CLANG_WARN_ENUM_CONVERSION = YES;
				CLANG_WARN_INFINITE_RECURSION = YES;
				CLANG_WARN_INT_CONVERSION = YES;
				CLANG_WARN_OBJC_ROOT_CLASS = YES_ERROR;
				CLANG_WARN_SUSPICIOUS_MOVE = YES;
				CLANG_WARN_UNREACHABLE_CODE = YES;
				CLANG_WARN__DUPLICATE_METHOD_MATCH = YES;
				"CODE_SIGN_IDENTITY[sdk=iphoneos*]" = "iPhone Developer";
				COPY_PHASE_STRIP = NO;
				DEBUG_INFORMATION_FORMAT = "dwarf-with-dsym";
				ENABLE_NS_ASSERTIONS = NO;
				ENABLE_STRICT_OBJC_MSGSEND = YES;
				GCC_C_LANGUAGE_STANDARD = gnu99;
				GCC_NO_COMMON_BLOCKS = YES;
				GCC_WARN_64_TO_32_BIT_CONVERSION = YES;
				GCC_WARN_ABOUT_RETURN_TYPE = YES_ERROR;
				GCC_WARN_UNDECLARED_SELECTOR = YES;
				GCC_WARN_UNINITIALIZED_AUTOS = YES_AGGRESSIVE;
				GCC_WARN_UNUSED_FUNCTION = YES;
				GCC_WARN_UNUSED_VARIABLE = YES;
				IPHONEOS_DEPLOYMENT_TARGET = 10.3;
				MTL_ENABLE_DEBUG_INFO = NO;
				SDKROOT = iphoneos;
				SWIFT_OPTIMIZATION_LEVEL = "-Owholemodule";
				VALIDATE_PRODUCT = YES;
			};
			name = Release;
		};
		E7FF5EA42088DCF3000F171D /* Debug */ = {
			isa = XCBuildConfiguration;
			buildSettings = {
				ASSETCATALOG_COMPILER_APPICON_NAME = AppIcon;
				INFOPLIST_FILE = MayTinh_2/Info.plist;
				LD_RUNPATH_SEARCH_PATHS = "$(inherited) @executable_path/Frameworks";
				PRODUCT_BUNDLE_IDENTIFIER = "UTE.MayTinh-2";
				PRODUCT_NAME = "$(TARGET_NAME)";
				SWIFT_VERSION = 3.0;
			};
			name = Debug;
		};
		E7FF5EA52088DCF3000F171D /* Release */ = {
			isa = XCBuildConfiguration;
			buildSettings = {
				ASSETCATALOG_COMPILER_APPICON_NAME = AppIcon;
				INFOPLIST_FILE = MayTinh_2/Info.plist;
				LD_RUNPATH_SEARCH_PATHS = "$(inherited) @executable_path/Frameworks";
				PRODUCT_BUNDLE_IDENTIFIER = "UTE.MayTinh-2";
				PRODUCT_NAME = "$(TARGET_NAME)";
				SWIFT_VERSION = 3.0;
			};
			name = Release;
		};
		E7FF5EA72088DCF3000F171D /* Debug */ = {
			isa = XCBuildConfiguration;
			buildSettings = {
				ALWAYS_EMBED_SWIFT_STANDARD_LIBRARIES = YES;
				BUNDLE_LOADER = "$(TEST_HOST)";
				INFOPLIST_FILE = MayTinh_2Tests/Info.plist;
				LD_RUNPATH_SEARCH_PATHS = "$(inherited) @executable_path/Frameworks @loader_path/Frameworks";
				PRODUCT_BUNDLE_IDENTIFIER = "UTE.MayTinh-2Tests";
				PRODUCT_NAME = "$(TARGET_NAME)";
				SWIFT_VERSION = 3.0;
				TEST_HOST = "$(BUILT_PRODUCTS_DIR)/MayTinh_2.app/MayTinh_2";
			};
			name = Debug;
		};
		E7FF5EA82088DCF3000F171D /* Release */ = {
			isa = XCBuildConfiguration;
			buildSettings = {
				ALWAYS_EMBED_SWIFT_STANDARD_LIBRARIES = YES;
				BUNDLE_LOADER = "$(TEST_HOST)";
				INFOPLIST_FILE = MayTinh_2Tests/Info.plist;
				LD_RUNPATH_SEARCH_PATHS = "$(inherited) @executable_path/Frameworks @loader_path/Frameworks";
				PRODUCT_BUNDLE_IDENTIFIER = "UTE.MayTinh-2Tests";
				PRODUCT_NAME = "$(TARGET_NAME)";
				SWIFT_VERSION = 3.0;
				TEST_HOST = "$(BUILT_PRODUCTS_DIR)/MayTinh_2.app/MayTinh_2";
			};
			name = Release;
		};
		E7FF5EAA2088DCF3000F171D /* Debug */ = {
			isa = XCBuildConfiguration;
			buildSettings = {
				ALWAYS_EMBED_SWIFT_STANDARD_LIBRARIES = YES;
				INFOPLIST_FILE = MayTinh_2UITests/Info.plist;
				LD_RUNPATH_SEARCH_PATHS = "$(inherited) @executable_path/Frameworks @loader_path/Frameworks";
				PRODUCT_BUNDLE_IDENTIFIER = "UTE.MayTinh-2UITests";
				PRODUCT_NAME = "$(TARGET_NAME)";
				SWIFT_VERSION = 3.0;
				TEST_TARGET_NAME = MayTinh_2;
			};
			name = Debug;
		};
		E7FF5EAB2088DCF3000F171D /* Release */ = {
			isa = XCBuildConfiguration;
			buildSettings = {
				ALWAYS_EMBED_SWIFT_STANDARD_LIBRARIES = YES;
				INFOPLIST_FILE = MayTinh_2UITests/Info.plist;
				LD_RUNPATH_SEARCH_PATHS = "$(inherited) @executable_path/Frameworks @loader_path/Frameworks";
				PRODUCT_BUNDLE_IDENTIFIER = "UTE.MayTinh-2UITests";
				PRODUCT_NAME = "$(TARGET_NAME)";
				SWIFT_VERSION = 3.0;
				TEST_TARGET_NAME = MayTinh_2;
			};
			name = Release;
		};
/* End XCBuildConfiguration section */

/* Begin XCConfigurationList section */
		E7FF5E762088DCF3000F171D /* Build configuration list for PBXProject "MayTinh_2" */ = {
			isa = XCConfigurationList;
			buildConfigurations = (
				E7FF5EA12088DCF3000F171D /* Debug */,
				E7FF5EA22088DCF3000F171D /* Release */,
			);
			defaultConfigurationIsVisible = 0;
			defaultConfigurationName = Release;
		};
		E7FF5EA32088DCF3000F171D /* Build configuration list for PBXNativeTarget "MayTinh_2" */ = {
			isa = XCConfigurationList;
			buildConfigurations = (
				E7FF5EA42088DCF3000F171D /* Debug */,
				E7FF5EA52088DCF3000F171D /* Release */,
			);
			defaultConfigurationIsVisible = 0;
		};
		E7FF5EA62088DCF3000F171D /* Build configuration list for PBXNativeTarget "MayTinh_2Tests" */ = {
			isa = XCConfigurationList;
			buildConfigurations = (
				E7FF5EA72088DCF3000F171D /* Debug */,
				E7FF5EA82088DCF3000F171D /* Release */,
			);
			defaultConfigurationIsVisible = 0;
		};
		E7FF5EA92088DCF3000F171D /* Build configuration list for PBXNativeTarget "MayTinh_2UITests" */ = {
			isa = XCConfigurationList;
			buildConfigurations = (
				E7FF5EAA2088DCF3000F171D /* Debug */,
				E7FF5EAB2088DCF3000F171D /* Release */,
			);
			defaultConfigurationIsVisible = 0;
		};
/* End XCConfigurationList section */
	};
	rootObject = E7FF5E732088DCF3000F171D /* Project object */;
}
